# THIS IS AN AUTOGENERATED FILE. DO NOT EDIT THIS FILE DIRECTLY.
# yarn lockfile v1


autoprefixer@^10.4.21:
  version "10.4.21"
  resolved "https://registry.npmjs.org/autoprefixer/-/autoprefixer-10.4.21.tgz"
  integrity sha512-O+A6LWV5LDHSJD3LjHYoNi4VLsj/Whi7k6zG12xTYaU4cQ8oxQGckXNX8cRHK5yOZ/ppVHe0ZBXGzSV9jXdVbQ==
  dependencies:
    browserslist "^4.24.4"
    caniuse-lite "^1.0.30001702"
    fraction.js "^4.3.7"
    normalize-range "^0.1.2"
    picocolors "^1.1.1"
    postcss-value-parser "^4.2.0"

baseline-browser-mapping@^2.8.9:
  version "2.8.19"
  resolved "https://registry.npmjs.org/baseline-browser-mapping/-/baseline-browser-mapping-2.8.19.tgz"
  integrity sha512-zoKGUdu6vb2jd3YOq0nnhEDQVbPcHhco3UImJrv5dSkvxTc2pl2WjOPsjZXDwPDSl5eghIMuY3R6J9NDKF3KcQ==

browserslist@^4.24.4, "browserslist@>= 4.21.0":
  version "4.26.3"
  resolved "https://registry.npmjs.org/browserslist/-/browserslist-4.26.3.tgz"
  integrity sha512-lAUU+02RFBuCKQPj/P6NgjlbCnLBMp4UtgTx7vNHd3XSIJF87s9a5rA3aH2yw3GS9DqZAUbOtZdCCiZeVRqt0w==
  dependencies:
    baseline-browser-mapping "^2.8.9"
    caniuse-lite "^1.0.30001746"
    electron-to-chromium "^1.5.227"
    node-releases "^2.0.21"
    update-browserslist-db "^1.1.3"

caniuse-lite@^1.0.30001702, caniuse-lite@^1.0.30001746:
  version "1.0.30001751"
  resolved "https://registry.npmjs.org/caniuse-lite/-/caniuse-lite-1.0.30001751.tgz"
  integrity sha512-A0QJhug0Ly64Ii3eIqHu5X51ebln3k4yTUkY1j8drqpWHVreg/VLijN48cZ1bYPiqOQuqpkIKnzr/Ul8V+p6Cw==

electron-to-chromium@^1.5.227:
  version "1.5.238"
  resolved "https://registry.npmjs.org/electron-to-chromium/-/electron-to-chromium-1.5.238.tgz"
  integrity sha512-khBdc+w/Gv+cS8e/Pbnaw/FXcBUeKrRVik9IxfXtgREOWyJhR4tj43n3amkVogJ/yeQUqzkrZcFhtIxIdqmmcQ==

escalade@^3.2.0:
  version "3.2.0"
  resolved "https://registry.npmjs.org/escalade/-/escalade-3.2.0.tgz"
  integrity sha512-WUj2qlxaQtO4g6Pq5c29GTcWGDyd8itL8zTlipgECz3JesAiiOKotd8JU6otB3PACgG6xkJUyVhboMS+bje/jA==

fraction.js@^4.3.7:
  version "4.3.7"
  resolved "https://registry.npmjs.org/fraction.js/-/fraction.js-4.3.7.tgz"
  integrity sha512-ZsDfxO51wGAXREY55a7la9LScWpwv9RxIrYABrlvOFBlH/ShPnrtsXeuUIfXKKOVicNxQ+o8JTbJvjS4M89yew==

lucide-react@^0.546.0:
  version "0.546.0"
  resolved "https://registry.npmjs.org/lucide-react/-/lucide-react-0.546.0.tgz"
  integrity sha512-Z94u6fKT43lKeYHiVyvyR8fT7pwCzDu7RyMPpTvh054+xahSgj4HFQ+NmflvzdXsoAjYGdCguGaFKYuvq0ThCQ==

nanoid@^3.3.11:
  version "3.3.11"
  resolved "https://registry.npmjs.org/nanoid/-/nanoid-3.3.11.tgz"
  integrity sha512-N8SpfPUnUp1bK+PMYW8qSWdl9U+wwNWI4QKxOYDy9JAro3WMX7p2OeVRF9v+347pnakNevPmiHhNmZ2HbFA76w==

node-releases@^2.0.21:
  version "2.0.26"
  resolved "https://registry.npmjs.org/node-releases/-/node-releases-2.0.26.tgz"
  integrity sha512-S2M9YimhSjBSvYnlr5/+umAnPHE++ODwt5e2Ij6FoX45HA/s4vHdkDx1eax2pAPeAOqu4s9b7ppahsyEFdVqQA==

normalize-range@^0.1.2:
  version "0.1.2"
  resolved "https://registry.npmjs.org/normalize-range/-/normalize-range-0.1.2.tgz"
  integrity sha512-bdok/XvKII3nUpklnV6P2hxtMNrCboOjAcyBuQnWEhO665FwrSNRxU+AqpsyvO6LgGYPspN+lu5CLtw4jPRKNA==

picocolors@^1.1.1:
  version "1.1.1"
  resolved "https://registry.npmjs.org/picocolors/-/picocolors-1.1.1.tgz"
  integrity sha512-xceH2snhtb5M9liqDsmEw56le376mTZkEX/jEb/RxNFyegNul7eNslCXP9FDj/Lcu0X8KEyMceP2ntpaHrDEVA==

postcss-value-parser@^4.2.0:
  version "4.2.0"
  resolved "https://registry.npmjs.org/postcss-value-parser/-/postcss-value-parser-4.2.0.tgz"
  integrity sha512-1NNCs6uurfkVbeXG4S8JFT9t19m45ICnif8zWLd5oPSZ50QnwMfK+H3jv408d4jw/7Bttv5axS5IiHoLaVNHeQ==

postcss@^8.1.0, postcss@^8.5.6:
  version "8.5.6"
  resolved "https://registry.npmjs.org/postcss/-/postcss-8.5.6.tgz"
  integrity sha512-3Ybi1tAuwAP9s0r1UQ2J4n5Y0G05bJkpUIO0/bI9MhwmD70S5aTWbXGBwxHrelT+XM1k6dM0pk+SwNkpTRN7Pg==
  dependencies:
    nanoid "^3.3.11"
    picocolors "^1.1.1"
    source-map-js "^1.2.1"

"react@^16.5.1 || ^17.0.0 || ^18.0.0 || ^19.0.0":
  version "19.2.0"
  resolved "https://registry.npmjs.org/react/-/react-19.2.0.tgz"
  integrity sha512-tmbWg6W31tQLeB5cdIBOicJDJRR2KzXsV7uSK9iNfLWQ5bIZfxuPEHp7M8wiHyHnn0DD1i7w3Zmin0FtkrwoCQ==

source-map-js@^1.2.1:
  version "1.2.1"
  resolved "https://registry.npmjs.org/source-map-js/-/source-map-js-1.2.1.tgz"
  integrity sha512-UXWMKhLOwVKb728IUtQPXxfYU+usdybtUrK/8uGE8CQMvrhOpwvzDBwj0QhSL7MQc7vIsISBG8VQ8+IDQxpfQA==

tailwindcss@^4.1.15:
  version "4.1.15"
  resolved "https://registry.npmjs.org/tailwindcss/-/tailwindcss-4.1.15.tgz"
  integrity sha512-k2WLnWkYFkdpRv+Oby3EBXIyQC8/s1HOFMBUViwtAh6Z5uAozeUSMQlIsn/c6Q2iJzqG6aJT3wdPaRNj70iYxQ==

update-browserslist-db@^1.1.3:
  version "1.1.3"
  resolved "https://registry.npmjs.org/update-browserslist-db/-/update-browserslist-db-1.1.3.tgz"
  integrity sha512-UxhIZQ+QInVdunkDAaiazvvT/+fXL5Osr0JZlJulepYu6Jd7qJtDZjlur0emRlT71EN3ScPoE7gvsuIKKNavKw==
  dependencies:
    escalade "^3.2.0"
    picocolors "^1.1.1"
